
Microsoft Visual Studio Solution File, Format Version 12.00
# Visual Studio 15
VisualStudioVersion = 15.0.28307.645
MinimumVisualStudioVersion = 10.0.40219.1
Project("{FAE04EC0-301F-11D3-BF4B-00C04F79EFBC}") = "Theorem flatten an array test", "Theorem flatten an array test\Theorem flatten an array test.csproj", "{DE4A180F-B1D6-4CEA-975E-4605F8332041}"
EndProject
Global
	GlobalSection(SolutionConfigurationPlatforms) = preSolution
		Debug|Any CPU = Debug|Any CPU
		Release|Any CPU = Release|Any CPU
	EndGlobalSection
	GlobalSection(ProjectConfigurationPlatforms) = postSolution
		{DE4A180F-B1D6-4CEA-975E-4605F8332041}.Debug|Any CPU.ActiveCfg = Debug|Any CPU
		{DE4A180F-B1D6-4CEA-975E-4605F8332041}.Debug|Any CPU.Build.0 = Debug|Any CPU
		{DE4A180F-B1D6-4CEA-975E-4605F8332041}.Release|Any CPU.ActiveCfg = Release|Any CPU
		{DE4A180F-B1D6-4CEA-975E-4605F8332041}.Release|Any CPU.Build.0 = Release|Any CPU
	EndGlobalSection
	GlobalSection(SolutionProperties) = preSolution
		HideSolutionNode = FALSE
	EndGlobalSection
	GlobalSection(ExtensibilityGlobals) = postSolution
		SolutionGuid = {3C876A18-84F1-4DC5-A57B-35B17320FDB4}
	EndGlobalSection
EndGlobal
